<?xml version="1.0" encoding="utf-8"?>
<Project ToolsVersion="4.0" xmlns="http://schemas.microsoft.com/developer/msbuild/2003">
  <ItemGroup>
    <Filter Include="Gltchium">
      <UniqueIdentifier>{42AE5791-2E7B-B29C-5794-A04443C0E72A}</UniqueIdentifier>
    </Filter>
    <Filter Include="Gltchium\EventSystem">
      <UniqueIdentifier>{F866874B-E4F5-1015-8D14-2510798221BB}</UniqueIdentifier>
    </Filter>
    <Filter Include="Gltchium\ImGui">
      <UniqueIdentifier>{EC4C6E57-D81A-625D-C1AE-D283AD1B3EC2}</UniqueIdentifier>
    </Filter>
    <Filter Include="Gltchium\LayerStack">
      <UniqueIdentifier>{E4145FA1-5076-3CAF-D9E3-82614544736E}</UniqueIdentifier>
    </Filter>
    <Filter Include="Gltchium\Logging">
      <UniqueIdentifier>{D8B009DA-C4A9-282C-EDDB-0DB1D9330838}</UniqueIdentifier>
    </Filter>
    <Filter Include="Gltchium\Platforms">
      <UniqueIdentifier>{09B0A5E0-F593-6636-5EF4-60894AF750B8}</UniqueIdentifier>
    </Filter>
    <Filter Include="Gltchium\Platforms\OpenGL">
      <UniqueIdentifier>{1DD50C88-8997-4012-D247-CF9E3E4919F0}</UniqueIdentifier>
    </Filter>
    <Filter Include="Gltchium\Platforms\Windows">
      <UniqueIdentifier>{4353C3E1-2F63-6FB2-981C-D4D0844B5E4B}</UniqueIdentifier>
    </Filter>
  </ItemGroup>
  <ItemGroup>
    <ClInclude Include="src\Gltchium.h" />
    <ClInclude Include="src\Gltchium\Application.h">
      <Filter>Gltchium</Filter>
    </ClInclude>
    <ClInclude Include="src\Gltchium\Core.h">
      <Filter>Gltchium</Filter>
    </ClInclude>
    <ClInclude Include="src\Gltchium\EntryPoint.h">
      <Filter>Gltchium</Filter>
    </ClInclude>
    <ClInclude Include="src\Gltchium\EventSystem\ApplicationEvent.h">
      <Filter>Gltchium\EventSystem</Filter>
    </ClInclude>
    <ClInclude Include="src\Gltchium\EventSystem\Event.h">
      <Filter>Gltchium\EventSystem</Filter>
    </ClInclude>
    <ClInclude Include="src\Gltchium\EventSystem\KeyEvent.h">
      <Filter>Gltchium\EventSystem</Filter>
    </ClInclude>
    <ClInclude Include="src\Gltchium\EventSystem\MouseEvent.h">
      <Filter>Gltchium\EventSystem</Filter>
    </ClInclude>
    <ClInclude Include="src\Gltchium\ImGui\ImGuiLayer.h">
      <Filter>Gltchium\ImGui</Filter>
    </ClInclude>
    <ClInclude Include="src\Gltchium\LayerStack\Layer.h">
      <Filter>Gltchium\LayerStack</Filter>
    </ClInclude>
    <ClInclude Include="src\Gltchium\LayerStack\LayerStack.h">
      <Filter>Gltchium\LayerStack</Filter>
    </ClInclude>
    <ClInclude Include="src\Gltchium\Logging\Log.h">
      <Filter>Gltchium\Logging</Filter>
    </ClInclude>
    <ClInclude Include="src\Gltchium\Platforms\OpenGL\ImGuiOpenGLRenderer.h">
      <Filter>Gltchium\Platforms\OpenGL</Filter>
    </ClInclude>
    <ClInclude Include="src\Gltchium\Platforms\Window.h">
      <Filter>Gltchium\Platforms</Filter>
    </ClInclude>
    <ClInclude Include="src\Gltchium\Platforms\Windows\WindowsWindow.h">
      <Filter>Gltchium\Platforms\Windows</Filter>
    </ClInclude>
    <ClInclude Include="src\gcpch.h" />
  </ItemGroup>
  <ItemGroup>
    <ClCompile Include="src\Gltchium\Application.cpp">
      <Filter>Gltchium</Filter>
    </ClCompile>
    <ClCompile Include="src\Gltchium\ImGui\ImGuiLayer.cpp">
      <Filter>Gltchium\ImGui</Filter>
    </ClCompile>
    <ClCompile Include="src\Gltchium\LayerStack\Layer.cpp">
      <Filter>Gltchium\LayerStack</Filter>
    </ClCompile>
    <ClCompile Include="src\Gltchium\LayerStack\LayerStack.cpp">
      <Filter>Gltchium\LayerStack</Filter>
    </ClCompile>
    <ClCompile Include="src\Gltchium\Logging\Log.cpp">
      <Filter>Gltchium\Logging</Filter>
    </ClCompile>
    <ClCompile Include="src\Gltchium\Platforms\OpenGL\ImGuiOpenGLRenderer.cpp">
      <Filter>Gltchium\Platforms\OpenGL</Filter>
    </ClCompile>
    <ClCompile Include="src\Gltchium\Platforms\Windows\WindowsWindow.cpp">
      <Filter>Gltchium\Platforms\Windows</Filter>
    </ClCompile>
    <ClCompile Include="src\gcpch.cpp" />
  </ItemGroup>
</Project>