<?xml version="1.0" encoding="utf-8"?>
<Project ToolsVersion="4.0" xmlns="http://schemas.microsoft.com/developer/msbuild/2003">
  <ItemGroup>
    <Filter Include="Gltchium">
      <UniqueIdentifier>{42AE5791-2E7B-B29C-5794-A04443C0E72A}</UniqueIdentifier>
    </Filter>
  </ItemGroup>
  <ItemGroup>
    <ClInclude Include="src\Gltchium.h" />
    <ClInclude Include="src\Gltchium\Application.h">
      <Filter>Gltchium</Filter>
    </ClInclude>
    <ClInclude Include="src\Gltchium\Core.h">
      <Filter>Gltchium</Filter>
    </ClInclude>
    <ClInclude Include="src\Gltchium\EntryPoint.h">
      <Filter>Gltchium</Filter>
    </ClInclude>
    <ClInclude Include="src\Gltchium\Log.h">
      <Filter>Gltchium</Filter>
    </ClInclude>
  </ItemGroup>
  <ItemGroup>
    <ClCompile Include="src\Gltchium\Application.cpp">
      <Filter>Gltchium</Filter>
    </ClCompile>
    <ClCompile Include="src\Gltchium\Log.cpp">
      <Filter>Gltchium</Filter>
    </ClCompile>
  </ItemGroup>
</Project>