<?xml version="1.0" encoding="utf-8"?>
<Project ToolsVersion="4.0" xmlns="http://schemas.microsoft.com/developer/msbuild/2003">
  <ItemGroup>
    <Filter Include="Gltchium">
      <UniqueIdentifier>{42AE5791-2E7B-B29C-5794-A04443C0E72A}</UniqueIdentifier>
    </Filter>
    <Filter Include="Gltchium\EventSystem">
      <UniqueIdentifier>{F866874B-E4F5-1015-8D14-2510798221BB}</UniqueIdentifier>
    </Filter>
    <Filter Include="Gltchium\Platforms">
      <UniqueIdentifier>{09B0A5E0-F593-6636-5EF4-60894AF750B8}</UniqueIdentifier>
    </Filter>
    <Filter Include="Gltchium\Platforms\Windows">
      <UniqueIdentifier>{4353C3E1-2F63-6FB2-981C-D4D0844B5E4B}</UniqueIdentifier>
    </Filter>
  </ItemGroup>
  <ItemGroup>
    <ClInclude Include="src\Gltchium.h" />
    <ClInclude Include="src\Gltchium\Application.h">
      <Filter>Gltchium</Filter>
    </ClInclude>
    <ClInclude Include="src\Gltchium\Core.h">
      <Filter>Gltchium</Filter>
    </ClInclude>
    <ClInclude Include="src\Gltchium\EntryPoint.h">
      <Filter>Gltchium</Filter>
    </ClInclude>
    <ClInclude Include="src\Gltchium\EventSystem\ApplicationEvent.h">
      <Filter>Gltchium\EventSystem</Filter>
    </ClInclude>
    <ClInclude Include="src\Gltchium\EventSystem\Event.h">
      <Filter>Gltchium\EventSystem</Filter>
    </ClInclude>
    <ClInclude Include="src\Gltchium\EventSystem\KeyEvent.h">
      <Filter>Gltchium\EventSystem</Filter>
    </ClInclude>
    <ClInclude Include="src\Gltchium\EventSystem\MouseEvent.h">
      <Filter>Gltchium\EventSystem</Filter>
    </ClInclude>
    <ClInclude Include="src\Gltchium\Log.h">
      <Filter>Gltchium</Filter>
    </ClInclude>
    <ClInclude Include="src\Gltchium\Platforms\Windows\WindowsWindow.h">
      <Filter>Gltchium\Platforms\Windows</Filter>
    </ClInclude>
    <ClInclude Include="src\Gltchium\Window.h">
      <Filter>Gltchium</Filter>
    </ClInclude>
    <ClInclude Include="src\gcpch.h" />
  </ItemGroup>
  <ItemGroup>
    <ClCompile Include="src\Gltchium\Application.cpp">
      <Filter>Gltchium</Filter>
    </ClCompile>
    <ClCompile Include="src\Gltchium\Log.cpp">
      <Filter>Gltchium</Filter>
    </ClCompile>
    <ClCompile Include="src\Gltchium\Platforms\Windows\WindowsWindow.cpp">
      <Filter>Gltchium\Platforms\Windows</Filter>
    </ClCompile>
    <ClCompile Include="src\gcpch.cpp" />
  </ItemGroup>
</Project>